// !$*UTF8*$!
{
	archiveVersion = 1;
	classes = {
	};
	objectVersion = 50;
	objects = {

/* Begin PBXBuildFile section */
		64F9DA20266FB61D00D5120F /* AppDelegate.swift in Sources */ = {isa = PBXBuildFile; fileRef = 64F9DA1F266FB61D00D5120F /* AppDelegate.swift */; };
		64F9DA22266FB61D00D5120F /* SceneDelegate.swift in Sources */ = {isa = PBXBuildFile; fileRef = 64F9DA21266FB61D00D5120F /* SceneDelegate.swift */; };
		64F9DA24266FB61D00D5120F /* ContentView.swift in Sources */ = {isa = PBXBuildFile; fileRef = 64F9DA23266FB61D00D5120F /* ContentView.swift */; };
		64F9DA26266FB62000D5120F /* Assets.xcassets in Resources */ = {isa = PBXBuildFile; fileRef = 64F9DA25266FB62000D5120F /* Assets.xcassets */; };
		64F9DA29266FB62000D5120F /* Preview Assets.xcassets in Resources */ = {isa = PBXBuildFile; fileRef = 64F9DA28266FB62000D5120F /* Preview Assets.xcassets */; };
		64F9DA2C266FB62000D5120F /* LaunchScreen.storyboard in Resources */ = {isa = PBXBuildFile; fileRef = 64F9DA2A266FB62000D5120F /* LaunchScreen.storyboard */; };
/* End PBXBuildFile section */

/* Begin PBXFileReference section */
		64F9DA1C266FB61D00D5120F /* formswiftUIanbya.app */ = {isa = PBXFileReference; explicitFileType = wrapper.application; includeInIndex = 0; path = formswiftUIanbya.app; sourceTree = BUILT_PRODUCTS_DIR; };
		64F9DA1F266FB61D00D5120F /* AppDelegate.swift */ = {isa = PBXFileReference; lastKnownFileType = sourcecode.swift; path = AppDelegate.swift; sourceTree = "<group>"; };
		64F9DA21266FB61D00D5120F /* SceneDelegate.swift */ = {isa = PBXFileReference; lastKnownFileType = sourcecode.swift; path = SceneDelegate.swift; sourceTree = "<group>"; };
		64F9DA23266FB61D00D5120F /* ContentView.swift */ = {isa = PBXFileReference; lastKnownFileType = sourcecode.swift; path = ContentView.swift; sourceTree = "<group>"; };
		64F9DA25266FB62000D5120F /* Assets.xcassets */ = {isa = PBXFileReference; lastKnownFileType = folder.assetcatalog; path = Assets.xcassets; sourceTree = "<group>"; };
		64F9DA28266FB62000D5120F /* Preview Assets.xcassets */ = {isa = PBXFileReference; lastKnownFileType = folder.assetcatalog; path = "Preview Assets.xcassets"; sourceTree = "<group>"; };
		64F9DA2B266FB62000D5120F /* Base */ = {isa = PBXFileReference; lastKnownFileType = file.storyboard; name = Base; path = Base.lproj/LaunchScreen.storyboard; sourceTree = "<group>"; };
		64F9DA2D266FB62000D5120F /* Info.plist */ = {isa = PBXFileReference; lastKnownFileType = text.plist.xml; path = Info.plist; sourceTree = "<group>"; };
/* End PBXFileReference section */

/* Begin PBXFrameworksBuildPhase section */
		64F9DA19266FB61D00D5120F /* Frameworks */ = {
			isa = PBXFrameworksBuildPhase;
			buildActionMask = 2147483647;
			files = (
			);
			runOnlyForDeploymentPostprocessing = 0;
		};
/* End PBXFrameworksBuildPhase section */

/* Begin PBXGroup section */
		64F9DA13266FB61D00D5120F = {
			isa = PBXGroup;
			children = (
				64F9DA1E266FB61D00D5120F /* formswiftUIanbya */,
				64F9DA1D266FB61D00D5120F /* Products */,
			);
			sourceTree = "<group>";
		};
		64F9DA1D266FB61D00D5120F /* Products */ = {
			isa = PBXGroup;
			children = (
				64F9DA1C266FB61D00D5120F /* formswiftUIanbya.app */,
			);
			name = Products;
			sourceTree = "<group>";
		};
		64F9DA1E266FB61D00D5120F /* formswiftUIanbya */ = {
			isa = PBXGroup;
			children = (
				64F9DA1F266FB61D00D5120F /* AppDelegate.swift */,
				64F9DA21266FB61D00D5120F /* SceneDelegate.swift */,
				64F9DA23266FB61D00D5120F /* ContentView.swift */,
				64F9DA25266FB62000D5120F /* Assets.xcassets */,
				64F9DA2A266FB62000D5120F /* LaunchScreen.storyboard */,
				64F9DA2D266FB62000D5120F /* Info.plist */,
				64F9DA27266FB62000D5120F /* Preview Content */,
			);
			path = formswiftUIanbya;
			sourceTree = "<group>";
		};
		64F9DA27266FB62000D5120F /* Preview Content */ = {
			isa = PBXGroup;
			children = (
				64F9DA28266FB62000D5120F /* Preview Assets.xcassets */,
			);
			path = "Preview Content";
			sourceTree = "<group>";
		};
/* End PBXGroup section */

/* Begin PBXNativeTarget section */
		64F9DA1B266FB61D00D5120F /* formswiftUIanbya */ = {
			isa = PBXNativeTarget;
			buildConfigurationList = 64F9DA30266FB62000D5120F /* Build configuration list for PBXNativeTarget "formswiftUIanbya" */;
			buildPhases = (
				64F9DA18266FB61D00D5120F /* Sources */,
				64F9DA19266FB61D00D5120F /* Frameworks */,
				64F9DA1A266FB61D00D5120F /* Resources */,
			);
			buildRules = (
			);
			dependencies = (
			);
			name = formswiftUIanbya;
			productName = formswiftUIanbya;
			productReference = 64F9DA1C266FB61D00D5120F /* formswiftUIanbya.app */;
			productType = "com.apple.product-type.application";
		};
/* End PBXNativeTarget section */

/* Begin PBXProject section */
		64F9DA14266FB61D00D5120F /* Project object */ = {
			isa = PBXProject;
			attributes = {
				LastSwiftUpdateCheck = 1230;
				LastUpgradeCheck = 1230;
				TargetAttributes = {
					64F9DA1B266FB61D00D5120F = {
						CreatedOnToolsVersion = 12.3;
					};
				};
			};
			buildConfigurationList = 64F9DA17266FB61D00D5120F /* Build configuration list for PBXProject "formswiftUIanbya" */;
			compatibilityVersion = "Xcode 9.3";
			developmentRegion = en;
			hasScannedForEncodings = 0;
			knownRegions = (
				en,
				Base,
			);
			mainGroup = 64F9DA13266FB61D00D5120F;
			productRefGroup = 64F9DA1D266FB61D00D5120F /* Products */;
			projectDirPath = "";
			projectRoot = "";
			targets = (
				64F9DA1B266FB61D00D5120F /* formswiftUIanbya */,
			);
		};
/* End PBXProject section */

/* Begin PBXResourcesBuildPhase section */
		64F9DA1A266FB61D00D5120F /* Resources */ = {
			isa = PBXResourcesBuildPhase;
			buildActionMask = 2147483647;
			files = (
				64F9DA2C266FB62000D5120F /* LaunchScreen.storyboard in Resources */,
				64F9DA29266FB62000D5120F /* Preview Assets.xcassets in Resources */,
				64F9DA26266FB62000D5120F /* Assets.xcassets in Resources */,
			);
			runOnlyForDeploymentPostprocessing = 0;
		};
/* End PBXResourcesBuildPhase section */

/* Begin PBXSourcesBuildPhase section */
		64F9DA18266FB61D00D5120F /* Sources */ = {
			isa = PBXSourcesBuildPhase;
			buildActionMask = 2147483647;
			files = (
				64F9DA20266FB61D00D5120F /* AppDelegate.swift in Sources */,
				64F9DA22266FB61D00D5120F /* SceneDelegate.swift in Sources */,
				64F9DA24266FB61D00D5120F /* ContentView.swift in Sources */,
			);
			runOnlyForDeploymentPostprocessing = 0;
		};
/* End PBXSourcesBuildPhase section */

/* Begin PBXVariantGroup section */
		64F9DA2A266FB62000D5120F /* LaunchScreen.storyboard */ = {
			isa = PBXVariantGroup;
			children = (
				64F9DA2B266FB62000D5120F /* Base */,
			);
			name = LaunchScreen.storyboard;
			sourceTree = "<group>";
		};
/* End PBXVariantGroup section */

/* Begin XCBuildConfiguration section */
		64F9DA2E266FB62000D5120F /* Debug */ = {
			isa = XCBuildConfiguration;
			buildSettings = {
				ALWAYS_SEARCH_USER_PATHS = NO;
				CLANG_ANALYZER_NONNULL = YES;
				CLANG_ANALYZER_NUMBER_OBJECT_CONVERSION = YES_AGGRESSIVE;
				CLANG_CXX_LANGUAGE_STANDARD = "gnu++14";
				CLANG_CXX_LIBRARY = "libc++";
				CLANG_ENABLE_MODULES = YES;
				CLANG_ENABLE_OBJC_ARC = YES;
				CLANG_ENABLE_OBJC_WEAK = YES;
				CLANG_WARN_BLOCK_CAPTURE_AUTORELEASING = YES;
				CLANG_WARN_BOOL_CONVERSION = YES;
				CLANG_WARN_COMMA = YES;
				CLANG_WARN_CONSTANT_CONVERSION = YES;
				CLANG_WARN_DEPRECATED_OBJC_IMPLEMENTATIONS = YES;
				CLANG_WARN_DIRECT_OBJC_ISA_USAGE = YES_ERROR;
				CLANG_WARN_DOCUMENTATION_COMMENTS = YES;
				CLANG_WARN_EMPTY_BODY = YES;
				CLANG_WARN_ENUM_CONVERSION = YES;
				CLANG_WARN_INFINITE_RECURSION = YES;
				CLANG_WARN_INT_CONVERSION = YES;
				CLANG_WARN_NON_LITERAL_NULL_CONVERSION = YES;
				CLANG_WARN_OBJC_IMPLICIT_RETAIN_SELF = YES;
				CLANG_WARN_OBJC_LITERAL_CONVERSION = YES;
				CLANG_WARN_OBJC_ROOT_CLASS = YES_ERROR;
				CLANG_WARN_QUOTED_INCLUDE_IN_FRAMEWORK_HEADER = YES;
				CLANG_WARN_RANGE_LOOP_ANALYSIS = YES;
				CLANG_WARN_STRICT_PROTOTYPES = YES;
				CLANG_WARN_SUSPICIOUS_MOVE = YES;
				CLANG_WARN_UNGUARDED_AVAILABILITY = YES_AGGRESSIVE;
				CLANG_WARN_UNREACHABLE_CODE = YES;
				CLANG_WARN__DUPLICATE_METHOD_MATCH = YES;
				COPY_PHASE_STRIP = NO;
				DEBUG_INFORMATION_FORMAT = dwarf;
				ENABLE_STRICT_OBJC_MSGSEND = YES;
				ENABLE_TESTABILITY = YES;
				GCC_C_LANGUAGE_STANDARD = gnu11;
				GCC_DYNAMIC_NO_PIC = NO;
				GCC_NO_COMMON_BLOCKS = YES;
				GCC_OPTIMIZATION_LEVEL = 0;
				GCC_PREPROCESSOR_DEFINITIONS = (
					"DEBUG=1",
					"$(inherited)",
				);
				GCC_WARN_64_TO_32_BIT_CONVERSION = YES;
				GCC_WARN_ABOUT_RETURN_TYPE = YES_ERROR;
				GCC_WARN_UNDECLARED_SELECTOR = YES;
				GCC_WARN_UNINITIALIZED_AUTOS = YES_AGGRESSIVE;
				GCC_WARN_UNUSED_FUNCTION = YES;
				GCC_WARN_UNUSED_VARIABLE = YES;
				IPHONEOS_DEPLOYMENT_TARGET = 14.3;
				MTL_ENABLE_DEBUG_INFO = INCLUDE_SOURCE;
				MTL_FAST_MATH = YES;
				ONLY_ACTIVE_ARCH = YES;
				SDKROOT = iphoneos;
				SWIFT_ACTIVE_COMPILATION_CONDITIONS = DEBUG;
				SWIFT_OPTIMIZATION_LEVEL = "-Onone";
			};
			name = Debug;
		};
		64F9DA2F266FB62000D5120F /* Release */ = {
			isa = XCBuildConfiguration;
			buildSettings = {
				ALWAYS_SEARCH_USER_PATHS = NO;
				CLANG_ANALYZER_NONNULL = YES;
				CLANG_ANALYZER_NUMBER_OBJECT_CONVERSION = YES_AGGRESSIVE;
				CLANG_CXX_LANGUAGE_STANDARD = "gnu++14";
				CLANG_CXX_LIBRARY = "libc++";
				CLANG_ENABLE_MODULES = YES;
				CLANG_ENABLE_OBJC_ARC = YES;
				CLANG_ENABLE_OBJC_WEAK = YES;
				CLANG_WARN_BLOCK_CAPTURE_AUTORELEASING = YES;
				CLANG_WARN_BOOL_CONVERSION = YES;
				CLANG_WARN_COMMA = YES;
				CLANG_WARN_CONSTANT_CONVERSION = YES;
				CLANG_WARN_DEPRECATED_OBJC_IMPLEMENTATIONS = YES;
				CLANG_WARN_DIRECT_OBJC_ISA_USAGE = YES_ERROR;
				CLANG_WARN_DOCUMENTATION_COMMENTS = YES;
				CLANG_WARN_EMPTY_BODY = YES;
				CLANG_WARN_ENUM_CONVERSION = YES;
				CLANG_WARN_INFINITE_RECURSION = YES;
				CLANG_WARN_INT_CONVERSION = YES;
				CLANG_WARN_NON_LITERAL_NULL_CONVERSION = YES;
				CLANG_WARN_OBJC_IMPLICIT_RETAIN_SELF = YES;
				CLANG_WARN_OBJC_LITERAL_CONVERSION = YES;
				CLANG_WARN_OBJC_ROOT_CLASS = YES_ERROR;
				CLANG_WARN_QUOTED_INCLUDE_IN_FRAMEWORK_HEADER = YES;
				CLANG_WARN_RANGE_LOOP_ANALYSIS = YES;
				CLANG_WARN_STRICT_PROTOTYPES = YES;
				CLANG_WARN_SUSPICIOUS_MOVE = YES;
				CLANG_WARN_UNGUARDED_AVAILABILITY = YES_AGGRESSIVE;
				CLANG_WARN_UNREACHABLE_CODE = YES;
				CLANG_WARN__DUPLICATE_METHOD_MATCH = YES;
				COPY_PHASE_STRIP = NO;
				DEBUG_INFORMATION_FORMAT = "dwarf-with-dsym";
				ENABLE_NS_ASSERTIONS = NO;
				ENABLE_STRICT_OBJC_MSGSEND = YES;
				GCC_C_LANGUAGE_STANDARD = gnu11;
				GCC_NO_COMMON_BLOCKS = YES;
				GCC_WARN_64_TO_32_BIT_CONVERSION = YES;
				GCC_WARN_ABOUT_RETURN_TYPE = YES_ERROR;
				GCC_WARN_UNDECLARED_SELECTOR = YES;
				GCC_WARN_UNINITIALIZED_AUTOS = YES_AGGRESSIVE;
				GCC_WARN_UNUSED_FUNCTION = YES;
				GCC_WARN_UNUSED_VARIABLE = YES;
				IPHONEOS_DEPLOYMENT_TARGET = 14.3;
				MTL_ENABLE_DEBUG_INFO = NO;
				MTL_FAST_MATH = YES;
				SDKROOT = iphoneos;
				SWIFT_COMPILATION_MODE = wholemodule;
				SWIFT_OPTIMIZATION_LEVEL = "-O";
				VALIDATE_PRODUCT = YES;
			};
			name = Release;
		};
		64F9DA31266FB62000D5120F /* Debug */ = {
			isa = XCBuildConfiguration;
			buildSettings = {
				ASSETCATALOG_COMPILER_APPICON_NAME = AppIcon;
				ASSETCATALOG_COMPILER_GLOBAL_ACCENT_COLOR_NAME = AccentColor;
				CODE_SIGN_STYLE = Automatic;
				DEVELOPMENT_ASSET_PATHS = "\"formswiftUIanbya/Preview Content\"";
				DEVELOPMENT_TEAM = ADGVHR56U4;
				ENABLE_PREVIEWS = YES;
				INFOPLIST_FILE = formswiftUIanbya/Info.plist;
				LD_RUNPATH_SEARCH_PATHS = (
					"$(inherited)",
					"@executable_path/Frameworks",
				);
				PRODUCT_BUNDLE_IDENTIFIER = net.growdev.formswiftUIanbya;
				PRODUCT_NAME = "$(TARGET_NAME)";
				SWIFT_VERSION = 5.0;
				TARGETED_DEVICE_FAMILY = "1,2";
			};
			name = Debug;
		};
		64F9DA32266FB62000D5120F /* Release */ = {
			isa = XCBuildConfiguration;
			buildSettings = {
				ASSETCATALOG_COMPILER_APPICON_NAME = AppIcon;
				ASSETCATALOG_COMPILER_GLOBAL_ACCENT_COLOR_NAME = AccentColor;
				CODE_SIGN_STYLE = Automatic;
				DEVELOPMENT_ASSET_PATHS = "\"formswiftUIanbya/Preview Content\"";
				DEVELOPMENT_TEAM = ADGVHR56U4;
				ENABLE_PREVIEWS = YES;
				INFOPLIST_FILE = formswiftUIanbya/Info.plist;
				LD_RUNPATH_SEARCH_PATHS = (
					"$(inherited)",
					"@executable_path/Frameworks",
				);
				PRODUCT_BUNDLE_IDENTIFIER = net.growdev.formswiftUIanbya;
				PRODUCT_NAME = "$(TARGET_NAME)";
				SWIFT_VERSION = 5.0;
				TARGETED_DEVICE_FAMILY = "1,2";
			};
			name = Release;
		};
/* End XCBuildConfiguration section */

/* Begin XCConfigurationList section */
		64F9DA17266FB61D00D5120F /* Build configuration list for PBXProject "formswiftUIanbya" */ = {
			isa = XCConfigurationList;
			buildConfigurations = (
				64F9DA2E266FB62000D5120F /* Debug */,
				64F9DA2F266FB62000D5120F /* Release */,
			);
			defaultConfigurationIsVisible = 0;
			defaultConfigurationName = Release;
		};
		64F9DA30266FB62000D5120F /* Build configuration list for PBXNativeTarget "formswiftUIanbya" */ = {
			isa = XCConfigurationList;
			buildConfigurations = (
				64F9DA31266FB62000D5120F /* Debug */,
				64F9DA32266FB62000D5120F /* Release */,
			);
			defaultConfigurationIsVisible = 0;
			defaultConfigurationName = Release;
		};
/* End XCConfigurationList section */
	};
	rootObject = 64F9DA14266FB61D00D5120F /* Project object */;
}
